lockfileVersion: 5.4

specifiers:
  pnpm: ^7.23.0

dependencies:
  pnpm: 7.23.0

packages:
  /pnpm/7.23.0:
    resolution:
      {
        integrity: sha512-0dJQXA+1+mo//tBvSpjb6dmLxx/UmLoeEOk/0FmOZ73GRZRNhMdarnwEenhKHNpiVXGCcvfWXJnvUMB7lp+tRQ==,
      }
    engines: { node: ">=14.6" }
    hasBin: true
    dev: false
